
Microsoft Visual Studio Solution File, Format Version 12.00
# Visual Studio Version 16
VisualStudioVersion = 16.0.30114.105
MinimumVisualStudioVersion = 10.0.40219.1
Project("{2150E333-8FDC-42A3-9474-1A3956D46DE8}") = "Source", "Source", "{D750E2EB-7F07-401B-8C91-BE541E8034D8}"
EndProject
Project("{2150E333-8FDC-42A3-9474-1A3956D46DE8}") = "Examples", "Examples", "{8C08DD67-9758-4710-A6F0-9F22D41142E5}"
EndProject
Project("{2150E333-8FDC-42A3-9474-1A3956D46DE8}") = "Build Tools", "Build Tools", "{CE427C3F-9B0E-49AE-843A-6BCA1395F593}"
EndProject
Project("{9A19103F-16F7-4668-BE54-9A1E7A4F7556}") = "Sereyn.CMS", "Sereyn.CMS\Sereyn.CMS.csproj", "{45F96653-FB57-401F-A287-D5B7A877CB31}"
EndProject
Project("{9A19103F-16F7-4668-BE54-9A1E7A4F7556}") = "Sereyn.CMS.CatalogueBuilder", "Sereyn.CMS.CatalogueBuilder\Sereyn.CMS.CatalogueBuilder.csproj", "{FB4779CD-8F65-4996-AB0E-5FED23A34921}"
EndProject
Project("{9A19103F-16F7-4668-BE54-9A1E7A4F7556}") = "Sereyn.CMS.Examples.Blog", "Sereyn.CMS.Examples.Blog\Sereyn.CMS.Examples.Blog.csproj", "{CEBA385D-ECC5-4DE0-8969-0886BDB9EC0B}"
EndProject
Global
	GlobalSection(SolutionConfigurationPlatforms) = preSolution
		Debug|Any CPU = Debug|Any CPU
		Release|Any CPU = Release|Any CPU
	EndGlobalSection
	GlobalSection(ProjectConfigurationPlatforms) = postSolution
		{45F96653-FB57-401F-A287-D5B7A877CB31}.Debug|Any CPU.ActiveCfg = Debug|Any CPU
		{45F96653-FB57-401F-A287-D5B7A877CB31}.Debug|Any CPU.Build.0 = Debug|Any CPU
		{45F96653-FB57-401F-A287-D5B7A877CB31}.Release|Any CPU.ActiveCfg = Release|Any CPU
		{45F96653-FB57-401F-A287-D5B7A877CB31}.Release|Any CPU.Build.0 = Release|Any CPU
		{FB4779CD-8F65-4996-AB0E-5FED23A34921}.Debug|Any CPU.ActiveCfg = Debug|Any CPU
		{FB4779CD-8F65-4996-AB0E-5FED23A34921}.Debug|Any CPU.Build.0 = Debug|Any CPU
		{FB4779CD-8F65-4996-AB0E-5FED23A34921}.Release|Any CPU.ActiveCfg = Release|Any CPU
		{FB4779CD-8F65-4996-AB0E-5FED23A34921}.Release|Any CPU.Build.0 = Release|Any CPU
		{CEBA385D-ECC5-4DE0-8969-0886BDB9EC0B}.Debug|Any CPU.ActiveCfg = Debug|Any CPU
		{CEBA385D-ECC5-4DE0-8969-0886BDB9EC0B}.Debug|Any CPU.Build.0 = Debug|Any CPU
		{CEBA385D-ECC5-4DE0-8969-0886BDB9EC0B}.Release|Any CPU.ActiveCfg = Release|Any CPU
		{CEBA385D-ECC5-4DE0-8969-0886BDB9EC0B}.Release|Any CPU.Build.0 = Release|Any CPU
	EndGlobalSection
	GlobalSection(SolutionProperties) = preSolution
		HideSolutionNode = FALSE
	EndGlobalSection
	GlobalSection(NestedProjects) = preSolution
		{45F96653-FB57-401F-A287-D5B7A877CB31} = {D750E2EB-7F07-401B-8C91-BE541E8034D8}
		{FB4779CD-8F65-4996-AB0E-5FED23A34921} = {CE427C3F-9B0E-49AE-843A-6BCA1395F593}
		{CEBA385D-ECC5-4DE0-8969-0886BDB9EC0B} = {8C08DD67-9758-4710-A6F0-9F22D41142E5}
	EndGlobalSection
	GlobalSection(ExtensibilityGlobals) = postSolution
		SolutionGuid = {D50A9E4E-EADA-4845-AC4F-3708251F9F39}
	EndGlobalSection
EndGlobal
